
Microsoft Visual Studio Solution File, Format Version 12.00
Project("{FAE04EC0-301F-11D3-BF4B-00C04F79EFBC}") = "DeskBuddy", "DeskBuddy\DeskBuddy.csproj", "{86FB34DC-33DE-41B0-A0EC-F7A22D283EE5}"
EndProject
Global
	GlobalSection(SolutionConfigurationPlatforms) = preSolution
		Debug|Any CPU = Debug|Any CPU
		Release|Any CPU = Release|Any CPU
	EndGlobalSection
	GlobalSection(ProjectConfigurationPlatforms) = postSolution
		{86FB34DC-33DE-41B0-A0EC-F7A22D283EE5}.Debug|Any CPU.ActiveCfg = Debug|Any CPU
		{86FB34DC-33DE-41B0-A0EC-F7A22D283EE5}.Debug|Any CPU.Build.0 = Debug|Any CPU
		{86FB34DC-33DE-41B0-A0EC-F7A22D283EE5}.Release|Any CPU.ActiveCfg = Release|Any CPU
		{86FB34DC-33DE-41B0-A0EC-F7A22D283EE5}.Release|Any CPU.Build.0 = Release|Any CPU
	EndGlobalSection
EndGlobal
